
Microsoft Visual Studio Solution File, Format Version 12.00
# Visual Studio Version 17
VisualStudioVersion = 17.8.34511.84
MinimumVisualStudioVersion = 10.0.40219.1
Project("{FAE04EC0-301F-11D3-BF4B-00C04F79EFBC}") = "CapaPresentacion", "CapaPresentacion.csproj", "{33D7950C-352B-444F-9D00-782DBD428B5D}"
EndProject
Project("{FAE04EC0-301F-11D3-BF4B-00C04F79EFBC}") = "CapaEntidad", "CapaEntidad\CapaEntidad.csproj", "{D6EE5725-3C92-4B24-B5AE-7AF2755A34D2}"
EndProject
Project("{FAE04EC0-301F-11D3-BF4B-00C04F79EFBC}") = "CapaDatos", "CapaDatos\CapaDatos.csproj", "{F13474F2-E91E-4731-9B8E-DCAFA5FDA786}"
EndProject
Project("{FAE04EC0-301F-11D3-BF4B-00C04F79EFBC}") = "CapaNegocio", "CapaNegocio\CapaNegocio.csproj", "{92EACBE9-1F11-4207-8C43-F9933C1BBB9B}"
EndProject
Global
	GlobalSection(SolutionConfigurationPlatforms) = preSolution
		Debug|Any CPU = Debug|Any CPU
		Release|Any CPU = Release|Any CPU
	EndGlobalSection
	GlobalSection(ProjectConfigurationPlatforms) = postSolution
		{33D7950C-352B-444F-9D00-782DBD428B5D}.Debug|Any CPU.ActiveCfg = Debug|Any CPU
		{33D7950C-352B-444F-9D00-782DBD428B5D}.Debug|Any CPU.Build.0 = Debug|Any CPU
		{33D7950C-352B-444F-9D00-782DBD428B5D}.Release|Any CPU.ActiveCfg = Release|Any CPU
		{33D7950C-352B-444F-9D00-782DBD428B5D}.Release|Any CPU.Build.0 = Release|Any CPU
		{D6EE5725-3C92-4B24-B5AE-7AF2755A34D2}.Debug|Any CPU.ActiveCfg = Debug|Any CPU
		{D6EE5725-3C92-4B24-B5AE-7AF2755A34D2}.Debug|Any CPU.Build.0 = Debug|Any CPU
		{D6EE5725-3C92-4B24-B5AE-7AF2755A34D2}.Release|Any CPU.ActiveCfg = Release|Any CPU
		{D6EE5725-3C92-4B24-B5AE-7AF2755A34D2}.Release|Any CPU.Build.0 = Release|Any CPU
		{F13474F2-E91E-4731-9B8E-DCAFA5FDA786}.Debug|Any CPU.ActiveCfg = Debug|Any CPU
		{F13474F2-E91E-4731-9B8E-DCAFA5FDA786}.Debug|Any CPU.Build.0 = Debug|Any CPU
		{F13474F2-E91E-4731-9B8E-DCAFA5FDA786}.Release|Any CPU.ActiveCfg = Release|Any CPU
		{F13474F2-E91E-4731-9B8E-DCAFA5FDA786}.Release|Any CPU.Build.0 = Release|Any CPU
		{92EACBE9-1F11-4207-8C43-F9933C1BBB9B}.Debug|Any CPU.ActiveCfg = Debug|Any CPU
		{92EACBE9-1F11-4207-8C43-F9933C1BBB9B}.Debug|Any CPU.Build.0 = Debug|Any CPU
		{92EACBE9-1F11-4207-8C43-F9933C1BBB9B}.Release|Any CPU.ActiveCfg = Release|Any CPU
		{92EACBE9-1F11-4207-8C43-F9933C1BBB9B}.Release|Any CPU.Build.0 = Release|Any CPU
	EndGlobalSection
	GlobalSection(SolutionProperties) = preSolution
		HideSolutionNode = FALSE
	EndGlobalSection
	GlobalSection(ExtensibilityGlobals) = postSolution
		SolutionGuid = {C4E6ED3F-542B-475F-899D-1B1E8AA12D16}
	EndGlobalSection
EndGlobal
